
Microsoft Visual Studio Solution File, Format Version 12.00
# Visual Studio Version 16
VisualStudioVersion = 16.0.30517.126
MinimumVisualStudioVersion = 10.0.40219.1
Project("{9A19103F-16F7-4668-BE54-9A1E7A4F7556}") = "Лаба 1", "Лаба 1\Лаба 1.csproj", "{FEE80B4C-58A1-44B6-8BA1-CADC50C13290}"
EndProject
Project("{9A19103F-16F7-4668-BE54-9A1E7A4F7556}") = "Лаба 2", "Лаба 2\Лаба 2.csproj", "{66646591-8962-4E23-B53E-14B6B393AC74}"
EndProject
Project("{FAE04EC0-301F-11D3-BF4B-00C04F79EFBC}") = "Лаба 3", "Лаба 3\Лаба 3.csproj", "{DF336486-3FAA-4914-89FF-FC660D70CD91}"
EndProject
Project("{9A19103F-16F7-4668-BE54-9A1E7A4F7556}") = "Лаба 4", "Лаба 4\Лаба 4.csproj", "{745CB818-7C35-4941-9F91-1ABC168746D3}"
EndProject
Project("{9A19103F-16F7-4668-BE54-9A1E7A4F7556}") = "Лаба 5", "Лаба 5\Лаба 5.csproj", "{7E687443-ED58-4964-9A76-E1A15B465D9A}"
EndProject
Project("{9A19103F-16F7-4668-BE54-9A1E7A4F7556}") = "Лаба 6", "Лаба 6\Лаба 6.csproj", "{95A0B68F-0853-47E3-8429-72A90446914A}"
EndProject
Project("{9A19103F-16F7-4668-BE54-9A1E7A4F7556}") = "Лаба 9", "Лаба 7\Лаба 9.csproj", "{ACFA756B-D58C-41F0-81C9-EB2A4BAA34FA}"
EndProject
Project("{9A19103F-16F7-4668-BE54-9A1E7A4F7556}") = "UnitTests", "UnitTests\UnitTests.csproj", "{B456BB64-0C3A-48A5-8DDF-8EBFCA8B093C}"
EndProject
Project("{9A19103F-16F7-4668-BE54-9A1E7A4F7556}") = "Laba 10", "Laba 10\Laba 10.csproj", "{86FB0284-8FCB-4B4E-8F30-A9FC1D8E9089}"
EndProject
Project("{9A19103F-16F7-4668-BE54-9A1E7A4F7556}") = "Laba 11", "Laba 11\Laba 11.csproj", "{108446CE-9084-4B42-BA0B-30B9BFBE78AF}"
EndProject
Project("{9A19103F-16F7-4668-BE54-9A1E7A4F7556}") = "Laba 12", "Laba 12\Laba 12.csproj", "{0D02F729-633A-4829-A0CD-453AAFD1ED2B}"
EndProject
Project("{9A19103F-16F7-4668-BE54-9A1E7A4F7556}") = "Laba 13", "Laba 13\Laba 13.csproj", "{D950C309-6777-4643-80E4-B010D3DE87D3}"
EndProject
Project("{FAE04EC0-301F-11D3-BF4B-00C04F79EFBC}") = "Laba 14", "Laba 14\Laba 14.csproj", "{9B84F2E7-F7DD-4056-8FCC-4FF6B400D51D}"
EndProject
Global
	GlobalSection(SolutionConfigurationPlatforms) = preSolution
		Debug|Any CPU = Debug|Any CPU
		Release|Any CPU = Release|Any CPU
	EndGlobalSection
	GlobalSection(ProjectConfigurationPlatforms) = postSolution
		{FEE80B4C-58A1-44B6-8BA1-CADC50C13290}.Debug|Any CPU.ActiveCfg = Debug|Any CPU
		{FEE80B4C-58A1-44B6-8BA1-CADC50C13290}.Debug|Any CPU.Build.0 = Debug|Any CPU
		{FEE80B4C-58A1-44B6-8BA1-CADC50C13290}.Release|Any CPU.ActiveCfg = Release|Any CPU
		{FEE80B4C-58A1-44B6-8BA1-CADC50C13290}.Release|Any CPU.Build.0 = Release|Any CPU
		{66646591-8962-4E23-B53E-14B6B393AC74}.Debug|Any CPU.ActiveCfg = Debug|Any CPU
		{66646591-8962-4E23-B53E-14B6B393AC74}.Debug|Any CPU.Build.0 = Debug|Any CPU
		{66646591-8962-4E23-B53E-14B6B393AC74}.Release|Any CPU.ActiveCfg = Release|Any CPU
		{66646591-8962-4E23-B53E-14B6B393AC74}.Release|Any CPU.Build.0 = Release|Any CPU
		{DF336486-3FAA-4914-89FF-FC660D70CD91}.Debug|Any CPU.ActiveCfg = Debug|Any CPU
		{DF336486-3FAA-4914-89FF-FC660D70CD91}.Debug|Any CPU.Build.0 = Debug|Any CPU
		{DF336486-3FAA-4914-89FF-FC660D70CD91}.Release|Any CPU.ActiveCfg = Release|Any CPU
		{DF336486-3FAA-4914-89FF-FC660D70CD91}.Release|Any CPU.Build.0 = Release|Any CPU
		{745CB818-7C35-4941-9F91-1ABC168746D3}.Debug|Any CPU.ActiveCfg = Debug|Any CPU
		{745CB818-7C35-4941-9F91-1ABC168746D3}.Debug|Any CPU.Build.0 = Debug|Any CPU
		{745CB818-7C35-4941-9F91-1ABC168746D3}.Release|Any CPU.ActiveCfg = Release|Any CPU
		{745CB818-7C35-4941-9F91-1ABC168746D3}.Release|Any CPU.Build.0 = Release|Any CPU
		{7E687443-ED58-4964-9A76-E1A15B465D9A}.Debug|Any CPU.ActiveCfg = Debug|Any CPU
		{7E687443-ED58-4964-9A76-E1A15B465D9A}.Debug|Any CPU.Build.0 = Debug|Any CPU
		{7E687443-ED58-4964-9A76-E1A15B465D9A}.Release|Any CPU.ActiveCfg = Release|Any CPU
		{7E687443-ED58-4964-9A76-E1A15B465D9A}.Release|Any CPU.Build.0 = Release|Any CPU
		{95A0B68F-0853-47E3-8429-72A90446914A}.Debug|Any CPU.ActiveCfg = Debug|Any CPU
		{95A0B68F-0853-47E3-8429-72A90446914A}.Debug|Any CPU.Build.0 = Debug|Any CPU
		{95A0B68F-0853-47E3-8429-72A90446914A}.Release|Any CPU.ActiveCfg = Release|Any CPU
		{95A0B68F-0853-47E3-8429-72A90446914A}.Release|Any CPU.Build.0 = Release|Any CPU
		{ACFA756B-D58C-41F0-81C9-EB2A4BAA34FA}.Debug|Any CPU.ActiveCfg = Debug|Any CPU
		{ACFA756B-D58C-41F0-81C9-EB2A4BAA34FA}.Debug|Any CPU.Build.0 = Debug|Any CPU
		{ACFA756B-D58C-41F0-81C9-EB2A4BAA34FA}.Release|Any CPU.ActiveCfg = Release|Any CPU
		{ACFA756B-D58C-41F0-81C9-EB2A4BAA34FA}.Release|Any CPU.Build.0 = Release|Any CPU
		{B456BB64-0C3A-48A5-8DDF-8EBFCA8B093C}.Debug|Any CPU.ActiveCfg = Debug|Any CPU
		{B456BB64-0C3A-48A5-8DDF-8EBFCA8B093C}.Debug|Any CPU.Build.0 = Debug|Any CPU
		{B456BB64-0C3A-48A5-8DDF-8EBFCA8B093C}.Release|Any CPU.ActiveCfg = Release|Any CPU
		{B456BB64-0C3A-48A5-8DDF-8EBFCA8B093C}.Release|Any CPU.Build.0 = Release|Any CPU
		{86FB0284-8FCB-4B4E-8F30-A9FC1D8E9089}.Debug|Any CPU.ActiveCfg = Debug|Any CPU
		{86FB0284-8FCB-4B4E-8F30-A9FC1D8E9089}.Debug|Any CPU.Build.0 = Debug|Any CPU
		{86FB0284-8FCB-4B4E-8F30-A9FC1D8E9089}.Release|Any CPU.ActiveCfg = Release|Any CPU
		{86FB0284-8FCB-4B4E-8F30-A9FC1D8E9089}.Release|Any CPU.Build.0 = Release|Any CPU
		{108446CE-9084-4B42-BA0B-30B9BFBE78AF}.Debug|Any CPU.ActiveCfg = Debug|Any CPU
		{108446CE-9084-4B42-BA0B-30B9BFBE78AF}.Debug|Any CPU.Build.0 = Debug|Any CPU
		{108446CE-9084-4B42-BA0B-30B9BFBE78AF}.Release|Any CPU.ActiveCfg = Release|Any CPU
		{108446CE-9084-4B42-BA0B-30B9BFBE78AF}.Release|Any CPU.Build.0 = Release|Any CPU
		{0D02F729-633A-4829-A0CD-453AAFD1ED2B}.Debug|Any CPU.ActiveCfg = Debug|Any CPU
		{0D02F729-633A-4829-A0CD-453AAFD1ED2B}.Debug|Any CPU.Build.0 = Debug|Any CPU
		{0D02F729-633A-4829-A0CD-453AAFD1ED2B}.Release|Any CPU.ActiveCfg = Release|Any CPU
		{0D02F729-633A-4829-A0CD-453AAFD1ED2B}.Release|Any CPU.Build.0 = Release|Any CPU
		{D950C309-6777-4643-80E4-B010D3DE87D3}.Debug|Any CPU.ActiveCfg = Debug|Any CPU
		{D950C309-6777-4643-80E4-B010D3DE87D3}.Debug|Any CPU.Build.0 = Debug|Any CPU
		{D950C309-6777-4643-80E4-B010D3DE87D3}.Release|Any CPU.ActiveCfg = Release|Any CPU
		{D950C309-6777-4643-80E4-B010D3DE87D3}.Release|Any CPU.Build.0 = Release|Any CPU
		{9B84F2E7-F7DD-4056-8FCC-4FF6B400D51D}.Debug|Any CPU.ActiveCfg = Debug|Any CPU
		{9B84F2E7-F7DD-4056-8FCC-4FF6B400D51D}.Debug|Any CPU.Build.0 = Debug|Any CPU
		{9B84F2E7-F7DD-4056-8FCC-4FF6B400D51D}.Release|Any CPU.ActiveCfg = Release|Any CPU
		{9B84F2E7-F7DD-4056-8FCC-4FF6B400D51D}.Release|Any CPU.Build.0 = Release|Any CPU
	EndGlobalSection
	GlobalSection(SolutionProperties) = preSolution
		HideSolutionNode = FALSE
	EndGlobalSection
	GlobalSection(ExtensibilityGlobals) = postSolution
		SolutionGuid = {BD7F76C3-1598-4C18-BE59-5985A7D711F4}
	EndGlobalSection
EndGlobal
